
Microsoft Visual Studio Solution File, Format Version 12.00
# Visual Studio 2012
Project("{57791927-2CD2-4346-8A27-A2725836BD19}") = "CleverPark", "CleverPark.v3sproj", "{57791927-2CD2-4346-8A27-A2725836BD19}"
EndProject
Global
	GlobalSection(SolutionConfigurationPlatforms) = preSolution
		Full Compilation|Default = Full Compilation|Default
		Syntax Check|Default = Syntax Check|Default
	EndGlobalSection
	GlobalSection(ProjectConfigurationPlatforms) = postSolution
		{57791927-2CD2-4346-8A27-A2725836BD19}.Full Compilation|Default.ActiveCfg = Full Compilation
		{57791927-2CD2-4346-8A27-A2725836BD19}.Full Compilation|Default.Build.0 = Full Compilation
		{57791927-2CD2-4346-8A27-A2725836BD19}.Syntax Check|Default.ActiveCfg = Syntax Check
		{57791927-2CD2-4346-8A27-A2725836BD19}.Syntax Check|Default.Build.0 = Syntax Check
	EndGlobalSection
	GlobalSection(SolutionProperties) = preSolution
		HideSolutionNode = FALSE
	EndGlobalSection
EndGlobal
